// !$*UTF8*$!
{
	archiveVersion = 1;
	classes = {
	};
	objectVersion = 56;
	objects = {

/* Begin PBXBuildFile section */
		40280CCF2A4B500400907A00 /* RawgVideoGamesApp.swift in Sources */ = {isa = PBXBuildFile; fileRef = 40280CCE2A4B500400907A00 /* RawgVideoGamesApp.swift */; };
		40280CD12A4B500400907A00 /* ExploreGamesView.swift in Sources */ = {isa = PBXBuildFile; fileRef = 40280CD02A4B500400907A00 /* ExploreGamesView.swift */; };
		40280CD32A4B500500907A00 /* Assets.xcassets in Resources */ = {isa = PBXBuildFile; fileRef = 40280CD22A4B500500907A00 /* Assets.xcassets */; };
		40280CD62A4B500500907A00 /* Preview Assets.xcassets in Resources */ = {isa = PBXBuildFile; fileRef = 40280CD52A4B500500907A00 /* Preview Assets.xcassets */; };
		40280CDD2A4B504000907A00 /* Game.swift in Sources */ = {isa = PBXBuildFile; fileRef = 40280CDC2A4B504000907A00 /* Game.swift */; };
		40280CDF2A4B51B700907A00 /* GameViewModel.swift in Sources */ = {isa = PBXBuildFile; fileRef = 40280CDE2A4B51B700907A00 /* GameViewModel.swift */; };
		40280CE12A4B668000907A00 /* GameRowView.swift in Sources */ = {isa = PBXBuildFile; fileRef = 40280CE02A4B668000907A00 /* GameRowView.swift */; };
		402F9EAE2A4CB2B9007992FA /* InputSearchFieldWithButton.swift in Sources */ = {isa = PBXBuildFile; fileRef = 402F9EAD2A4CB2B9007992FA /* InputSearchFieldWithButton.swift */; };
		40AA3D0A2A51B3D9004CB1A7 /* SQLite in Frameworks */ = {isa = PBXBuildFile; productRef = 40AA3D092A51B3D9004CB1A7 /* SQLite */; };
		40AA3D0C2A51B5B1004CB1A7 /* DatabaseManager.swift in Sources */ = {isa = PBXBuildFile; fileRef = 40AA3D0B2A51B5B1004CB1A7 /* DatabaseManager.swift */; };
		40AA3D102A51BEFE004CB1A7 /* FavoriteGamesView.swift in Sources */ = {isa = PBXBuildFile; fileRef = 40AA3D0F2A51BEFE004CB1A7 /* FavoriteGamesView.swift */; };
		40AA3D122A51C7D4004CB1A7 /* MainView.swift in Sources */ = {isa = PBXBuildFile; fileRef = 40AA3D112A51C7D4004CB1A7 /* MainView.swift */; };
/* End PBXBuildFile section */

/* Begin PBXFileReference section */
		40280CCB2A4B500400907A00 /* RawgVideoGames.app */ = {isa = PBXFileReference; explicitFileType = wrapper.application; includeInIndex = 0; path = RawgVideoGames.app; sourceTree = BUILT_PRODUCTS_DIR; };
		40280CCE2A4B500400907A00 /* RawgVideoGamesApp.swift */ = {isa = PBXFileReference; lastKnownFileType = sourcecode.swift; path = RawgVideoGamesApp.swift; sourceTree = "<group>"; };
		40280CD02A4B500400907A00 /* ExploreGamesView.swift */ = {isa = PBXFileReference; lastKnownFileType = sourcecode.swift; path = ExploreGamesView.swift; sourceTree = "<group>"; };
		40280CD22A4B500500907A00 /* Assets.xcassets */ = {isa = PBXFileReference; lastKnownFileType = folder.assetcatalog; path = Assets.xcassets; sourceTree = "<group>"; };
		40280CD52A4B500500907A00 /* Preview Assets.xcassets */ = {isa = PBXFileReference; lastKnownFileType = folder.assetcatalog; path = "Preview Assets.xcassets"; sourceTree = "<group>"; };
		40280CDC2A4B504000907A00 /* Game.swift */ = {isa = PBXFileReference; lastKnownFileType = sourcecode.swift; path = Game.swift; sourceTree = "<group>"; };
		40280CDE2A4B51B700907A00 /* GameViewModel.swift */ = {isa = PBXFileReference; lastKnownFileType = sourcecode.swift; path = GameViewModel.swift; sourceTree = "<group>"; };
		40280CE02A4B668000907A00 /* GameRowView.swift */ = {isa = PBXFileReference; lastKnownFileType = sourcecode.swift; path = GameRowView.swift; sourceTree = "<group>"; };
		402F9EAD2A4CB2B9007992FA /* InputSearchFieldWithButton.swift */ = {isa = PBXFileReference; lastKnownFileType = sourcecode.swift; path = InputSearchFieldWithButton.swift; sourceTree = "<group>"; };
		40AA3D0B2A51B5B1004CB1A7 /* DatabaseManager.swift */ = {isa = PBXFileReference; lastKnownFileType = sourcecode.swift; path = DatabaseManager.swift; sourceTree = "<group>"; };
		40AA3D0F2A51BEFE004CB1A7 /* FavoriteGamesView.swift */ = {isa = PBXFileReference; lastKnownFileType = sourcecode.swift; path = FavoriteGamesView.swift; sourceTree = "<group>"; };
		40AA3D112A51C7D4004CB1A7 /* MainView.swift */ = {isa = PBXFileReference; lastKnownFileType = sourcecode.swift; path = MainView.swift; sourceTree = "<group>"; };
/* End PBXFileReference section */

/* Begin PBXFrameworksBuildPhase section */
		40280CC82A4B500400907A00 /* Frameworks */ = {
			isa = PBXFrameworksBuildPhase;
			buildActionMask = 2147483647;
			files = (
				40AA3D0A2A51B3D9004CB1A7 /* SQLite in Frameworks */,
			);
			runOnlyForDeploymentPostprocessing = 0;
		};
/* End PBXFrameworksBuildPhase section */

/* Begin PBXGroup section */
		40280CC22A4B500400907A00 = {
			isa = PBXGroup;
			children = (
				40280CCD2A4B500400907A00 /* RawgVideoGames */,
				40280CCC2A4B500400907A00 /* Products */,
			);
			sourceTree = "<group>";
		};
		40280CCC2A4B500400907A00 /* Products */ = {
			isa = PBXGroup;
			children = (
				40280CCB2A4B500400907A00 /* RawgVideoGames.app */,
			);
			name = Products;
			sourceTree = "<group>";
		};
		40280CCD2A4B500400907A00 /* RawgVideoGames */ = {
			isa = PBXGroup;
			children = (
				40280CE42A4B76AC00907A00 /* Services */,
				40280CE32A4B769200907A00 /* Views */,
				40280CE22A4B767E00907A00 /* Models */,
				40280CCE2A4B500400907A00 /* RawgVideoGamesApp.swift */,
				40280CD22A4B500500907A00 /* Assets.xcassets */,
				40280CD42A4B500500907A00 /* Preview Content */,
			);
			path = RawgVideoGames;
			sourceTree = "<group>";
		};
		40280CD42A4B500500907A00 /* Preview Content */ = {
			isa = PBXGroup;
			children = (
				40280CD52A4B500500907A00 /* Preview Assets.xcassets */,
			);
			path = "Preview Content";
			sourceTree = "<group>";
		};
		40280CE22A4B767E00907A00 /* Models */ = {
			isa = PBXGroup;
			children = (
				40280CDC2A4B504000907A00 /* Game.swift */,
			);
			path = Models;
			sourceTree = "<group>";
		};
		40280CE32A4B769200907A00 /* Views */ = {
			isa = PBXGroup;
			children = (
				40280CE02A4B668000907A00 /* GameRowView.swift */,
				40280CD02A4B500400907A00 /* ExploreGamesView.swift */,
				402F9EAD2A4CB2B9007992FA /* InputSearchFieldWithButton.swift */,
				40AA3D0F2A51BEFE004CB1A7 /* FavoriteGamesView.swift */,
				40AA3D112A51C7D4004CB1A7 /* MainView.swift */,
			);
			path = Views;
			sourceTree = "<group>";
		};
		40280CE42A4B76AC00907A00 /* Services */ = {
			isa = PBXGroup;
			children = (
				40280CE62A4B76BC00907A00 /* DatabaseServices */,
				40280CE52A4B76B400907A00 /* NetworkServices */,
			);
			path = Services;
			sourceTree = "<group>";
		};
		40280CE52A4B76B400907A00 /* NetworkServices */ = {
			isa = PBXGroup;
			children = (
				40280CDE2A4B51B700907A00 /* GameViewModel.swift */,
			);
			path = NetworkServices;
			sourceTree = "<group>";
		};
		40280CE62A4B76BC00907A00 /* DatabaseServices */ = {
			isa = PBXGroup;
			children = (
				40AA3D0B2A51B5B1004CB1A7 /* DatabaseManager.swift */,
			);
			path = DatabaseServices;
			sourceTree = "<group>";
		};
/* End PBXGroup section */

/* Begin PBXNativeTarget section */
		40280CCA2A4B500400907A00 /* RawgVideoGames */ = {
			isa = PBXNativeTarget;
			buildConfigurationList = 40280CD92A4B500500907A00 /* Build configuration list for PBXNativeTarget "RawgVideoGames" */;
			buildPhases = (
				40280CC72A4B500400907A00 /* Sources */,
				40280CC82A4B500400907A00 /* Frameworks */,
				40280CC92A4B500400907A00 /* Resources */,
			);
			buildRules = (
			);
			dependencies = (
			);
			name = RawgVideoGames;
			packageProductDependencies = (
				40AA3D092A51B3D9004CB1A7 /* SQLite */,
			);
			productName = RawgVideoGames;
			productReference = 40280CCB2A4B500400907A00 /* RawgVideoGames.app */;
			productType = "com.apple.product-type.application";
		};
/* End PBXNativeTarget section */

/* Begin PBXProject section */
		40280CC32A4B500400907A00 /* Project object */ = {
			isa = PBXProject;
			attributes = {
				BuildIndependentTargetsInParallel = 1;
				LastSwiftUpdateCheck = 1430;
				LastUpgradeCheck = 1430;
				TargetAttributes = {
					40280CCA2A4B500400907A00 = {
						CreatedOnToolsVersion = 14.3.1;
					};
				};
			};
			buildConfigurationList = 40280CC62A4B500400907A00 /* Build configuration list for PBXProject "RawgVideoGames" */;
			compatibilityVersion = "Xcode 14.0";
			developmentRegion = en;
			hasScannedForEncodings = 0;
			knownRegions = (
				en,
				Base,
			);
			mainGroup = 40280CC22A4B500400907A00;
			packageReferences = (
				40AA3D082A51B3D9004CB1A7 /* XCRemoteSwiftPackageReference "SQLite" */,
			);
			productRefGroup = 40280CCC2A4B500400907A00 /* Products */;
			projectDirPath = "";
			projectRoot = "";
			targets = (
				40280CCA2A4B500400907A00 /* RawgVideoGames */,
			);
		};
/* End PBXProject section */

/* Begin PBXResourcesBuildPhase section */
		40280CC92A4B500400907A00 /* Resources */ = {
			isa = PBXResourcesBuildPhase;
			buildActionMask = 2147483647;
			files = (
				40280CD62A4B500500907A00 /* Preview Assets.xcassets in Resources */,
				40280CD32A4B500500907A00 /* Assets.xcassets in Resources */,
			);
			runOnlyForDeploymentPostprocessing = 0;
		};
/* End PBXResourcesBuildPhase section */

/* Begin PBXSourcesBuildPhase section */
		40280CC72A4B500400907A00 /* Sources */ = {
			isa = PBXSourcesBuildPhase;
			buildActionMask = 2147483647;
			files = (
				40280CDF2A4B51B700907A00 /* GameViewModel.swift in Sources */,
				40AA3D122A51C7D4004CB1A7 /* MainView.swift in Sources */,
				40280CD12A4B500400907A00 /* ExploreGamesView.swift in Sources */,
				40AA3D102A51BEFE004CB1A7 /* FavoriteGamesView.swift in Sources */,
				402F9EAE2A4CB2B9007992FA /* InputSearchFieldWithButton.swift in Sources */,
				40280CE12A4B668000907A00 /* GameRowView.swift in Sources */,
				40280CDD2A4B504000907A00 /* Game.swift in Sources */,
				40280CCF2A4B500400907A00 /* RawgVideoGamesApp.swift in Sources */,
				40AA3D0C2A51B5B1004CB1A7 /* DatabaseManager.swift in Sources */,
			);
			runOnlyForDeploymentPostprocessing = 0;
		};
/* End PBXSourcesBuildPhase section */

/* Begin XCBuildConfiguration section */
		40280CD72A4B500500907A00 /* Debug */ = {
			isa = XCBuildConfiguration;
			buildSettings = {
				ALWAYS_SEARCH_USER_PATHS = NO;
				CLANG_ANALYZER_NONNULL = YES;
				CLANG_ANALYZER_NUMBER_OBJECT_CONVERSION = YES_AGGRESSIVE;
				CLANG_CXX_LANGUAGE_STANDARD = "gnu++20";
				CLANG_ENABLE_MODULES = YES;
				CLANG_ENABLE_OBJC_ARC = YES;
				CLANG_ENABLE_OBJC_WEAK = YES;
				CLANG_WARN_BLOCK_CAPTURE_AUTORELEASING = YES;
				CLANG_WARN_BOOL_CONVERSION = YES;
				CLANG_WARN_COMMA = YES;
				CLANG_WARN_CONSTANT_CONVERSION = YES;
				CLANG_WARN_DEPRECATED_OBJC_IMPLEMENTATIONS = YES;
				CLANG_WARN_DIRECT_OBJC_ISA_USAGE = YES_ERROR;
				CLANG_WARN_DOCUMENTATION_COMMENTS = YES;
				CLANG_WARN_EMPTY_BODY = YES;
				CLANG_WARN_ENUM_CONVERSION = YES;
				CLANG_WARN_INFINITE_RECURSION = YES;
				CLANG_WARN_INT_CONVERSION = YES;
				CLANG_WARN_NON_LITERAL_NULL_CONVERSION = YES;
				CLANG_WARN_OBJC_IMPLICIT_RETAIN_SELF = YES;
				CLANG_WARN_OBJC_LITERAL_CONVERSION = YES;
				CLANG_WARN_OBJC_ROOT_CLASS = YES_ERROR;
				CLANG_WARN_QUOTED_INCLUDE_IN_FRAMEWORK_HEADER = YES;
				CLANG_WARN_RANGE_LOOP_ANALYSIS = YES;
				CLANG_WARN_STRICT_PROTOTYPES = YES;
				CLANG_WARN_SUSPICIOUS_MOVE = YES;
				CLANG_WARN_UNGUARDED_AVAILABILITY = YES_AGGRESSIVE;
				CLANG_WARN_UNREACHABLE_CODE = YES;
				CLANG_WARN__DUPLICATE_METHOD_MATCH = YES;
				COPY_PHASE_STRIP = NO;
				DEBUG_INFORMATION_FORMAT = dwarf;
				ENABLE_STRICT_OBJC_MSGSEND = YES;
				ENABLE_TESTABILITY = YES;
				GCC_C_LANGUAGE_STANDARD = gnu11;
				GCC_DYNAMIC_NO_PIC = NO;
				GCC_NO_COMMON_BLOCKS = YES;
				GCC_OPTIMIZATION_LEVEL = 0;
				GCC_PREPROCESSOR_DEFINITIONS = (
					"DEBUG=1",
					"$(inherited)",
				);
				GCC_WARN_64_TO_32_BIT_CONVERSION = YES;
				GCC_WARN_ABOUT_RETURN_TYPE = YES_ERROR;
				GCC_WARN_UNDECLARED_SELECTOR = YES;
				GCC_WARN_UNINITIALIZED_AUTOS = YES_AGGRESSIVE;
				GCC_WARN_UNUSED_FUNCTION = YES;
				GCC_WARN_UNUSED_VARIABLE = YES;
				IPHONEOS_DEPLOYMENT_TARGET = 16.4;
				MTL_ENABLE_DEBUG_INFO = INCLUDE_SOURCE;
				MTL_FAST_MATH = YES;
				ONLY_ACTIVE_ARCH = YES;
				SDKROOT = iphoneos;
				SWIFT_ACTIVE_COMPILATION_CONDITIONS = DEBUG;
				SWIFT_OPTIMIZATION_LEVEL = "-Onone";
			};
			name = Debug;
		};
		40280CD82A4B500500907A00 /* Release */ = {
			isa = XCBuildConfiguration;
			buildSettings = {
				ALWAYS_SEARCH_USER_PATHS = NO;
				CLANG_ANALYZER_NONNULL = YES;
				CLANG_ANALYZER_NUMBER_OBJECT_CONVERSION = YES_AGGRESSIVE;
				CLANG_CXX_LANGUAGE_STANDARD = "gnu++20";
				CLANG_ENABLE_MODULES = YES;
				CLANG_ENABLE_OBJC_ARC = YES;
				CLANG_ENABLE_OBJC_WEAK = YES;
				CLANG_WARN_BLOCK_CAPTURE_AUTORELEASING = YES;
				CLANG_WARN_BOOL_CONVERSION = YES;
				CLANG_WARN_COMMA = YES;
				CLANG_WARN_CONSTANT_CONVERSION = YES;
				CLANG_WARN_DEPRECATED_OBJC_IMPLEMENTATIONS = YES;
				CLANG_WARN_DIRECT_OBJC_ISA_USAGE = YES_ERROR;
				CLANG_WARN_DOCUMENTATION_COMMENTS = YES;
				CLANG_WARN_EMPTY_BODY = YES;
				CLANG_WARN_ENUM_CONVERSION = YES;
				CLANG_WARN_INFINITE_RECURSION = YES;
				CLANG_WARN_INT_CONVERSION = YES;
				CLANG_WARN_NON_LITERAL_NULL_CONVERSION = YES;
				CLANG_WARN_OBJC_IMPLICIT_RETAIN_SELF = YES;
				CLANG_WARN_OBJC_LITERAL_CONVERSION = YES;
				CLANG_WARN_OBJC_ROOT_CLASS = YES_ERROR;
				CLANG_WARN_QUOTED_INCLUDE_IN_FRAMEWORK_HEADER = YES;
				CLANG_WARN_RANGE_LOOP_ANALYSIS = YES;
				CLANG_WARN_STRICT_PROTOTYPES = YES;
				CLANG_WARN_SUSPICIOUS_MOVE = YES;
				CLANG_WARN_UNGUARDED_AVAILABILITY = YES_AGGRESSIVE;
				CLANG_WARN_UNREACHABLE_CODE = YES;
				CLANG_WARN__DUPLICATE_METHOD_MATCH = YES;
				COPY_PHASE_STRIP = NO;
				DEBUG_INFORMATION_FORMAT = "dwarf-with-dsym";
				ENABLE_NS_ASSERTIONS = NO;
				ENABLE_STRICT_OBJC_MSGSEND = YES;
				GCC_C_LANGUAGE_STANDARD = gnu11;
				GCC_NO_COMMON_BLOCKS = YES;
				GCC_WARN_64_TO_32_BIT_CONVERSION = YES;
				GCC_WARN_ABOUT_RETURN_TYPE = YES_ERROR;
				GCC_WARN_UNDECLARED_SELECTOR = YES;
				GCC_WARN_UNINITIALIZED_AUTOS = YES_AGGRESSIVE;
				GCC_WARN_UNUSED_FUNCTION = YES;
				GCC_WARN_UNUSED_VARIABLE = YES;
				IPHONEOS_DEPLOYMENT_TARGET = 16.4;
				MTL_ENABLE_DEBUG_INFO = NO;
				MTL_FAST_MATH = YES;
				SDKROOT = iphoneos;
				SWIFT_COMPILATION_MODE = wholemodule;
				SWIFT_OPTIMIZATION_LEVEL = "-O";
				VALIDATE_PRODUCT = YES;
			};
			name = Release;
		};
		40280CDA2A4B500500907A00 /* Debug */ = {
			isa = XCBuildConfiguration;
			buildSettings = {
				ASSETCATALOG_COMPILER_APPICON_NAME = AppIcon;
				ASSETCATALOG_COMPILER_GLOBAL_ACCENT_COLOR_NAME = AccentColor;
				CODE_SIGN_STYLE = Automatic;
				CURRENT_PROJECT_VERSION = 1;
				DEVELOPMENT_ASSET_PATHS = "\"RawgVideoGames/Preview Content\"";
				ENABLE_PREVIEWS = YES;
				GENERATE_INFOPLIST_FILE = YES;
				INFOPLIST_KEY_UIApplicationSceneManifest_Generation = YES;
				INFOPLIST_KEY_UIApplicationSupportsIndirectInputEvents = YES;
				INFOPLIST_KEY_UILaunchScreen_Generation = YES;
				INFOPLIST_KEY_UISupportedInterfaceOrientations_iPad = "UIInterfaceOrientationPortrait UIInterfaceOrientationPortraitUpsideDown UIInterfaceOrientationLandscapeLeft UIInterfaceOrientationLandscapeRight";
				INFOPLIST_KEY_UISupportedInterfaceOrientations_iPhone = "UIInterfaceOrientationPortrait UIInterfaceOrientationLandscapeLeft UIInterfaceOrientationLandscapeRight";
				LD_RUNPATH_SEARCH_PATHS = (
					"$(inherited)",
					"@executable_path/Frameworks",
				);
				MARKETING_VERSION = 1.0;
				PRODUCT_BUNDLE_IDENTIFIER = com.joar.RawgVideoGames;
				PRODUCT_NAME = "$(TARGET_NAME)";
				SWIFT_EMIT_LOC_STRINGS = YES;
				SWIFT_VERSION = 5.0;
				TARGETED_DEVICE_FAMILY = "1,2";
			};
			name = Debug;
		};
		40280CDB2A4B500500907A00 /* Release */ = {
			isa = XCBuildConfiguration;
			buildSettings = {
				ASSETCATALOG_COMPILER_APPICON_NAME = AppIcon;
				ASSETCATALOG_COMPILER_GLOBAL_ACCENT_COLOR_NAME = AccentColor;
				CODE_SIGN_STYLE = Automatic;
				CURRENT_PROJECT_VERSION = 1;
				DEVELOPMENT_ASSET_PATHS = "\"RawgVideoGames/Preview Content\"";
				ENABLE_PREVIEWS = YES;
				GENERATE_INFOPLIST_FILE = YES;
				INFOPLIST_KEY_UIApplicationSceneManifest_Generation = YES;
				INFOPLIST_KEY_UIApplicationSupportsIndirectInputEvents = YES;
				INFOPLIST_KEY_UILaunchScreen_Generation = YES;
				INFOPLIST_KEY_UISupportedInterfaceOrientations_iPad = "UIInterfaceOrientationPortrait UIInterfaceOrientationPortraitUpsideDown UIInterfaceOrientationLandscapeLeft UIInterfaceOrientationLandscapeRight";
				INFOPLIST_KEY_UISupportedInterfaceOrientations_iPhone = "UIInterfaceOrientationPortrait UIInterfaceOrientationLandscapeLeft UIInterfaceOrientationLandscapeRight";
				LD_RUNPATH_SEARCH_PATHS = (
					"$(inherited)",
					"@executable_path/Frameworks",
				);
				MARKETING_VERSION = 1.0;
				PRODUCT_BUNDLE_IDENTIFIER = com.joar.RawgVideoGames;
				PRODUCT_NAME = "$(TARGET_NAME)";
				SWIFT_EMIT_LOC_STRINGS = YES;
				SWIFT_VERSION = 5.0;
				TARGETED_DEVICE_FAMILY = "1,2";
			};
			name = Release;
		};
/* End XCBuildConfiguration section */

/* Begin XCConfigurationList section */
		40280CC62A4B500400907A00 /* Build configuration list for PBXProject "RawgVideoGames" */ = {
			isa = XCConfigurationList;
			buildConfigurations = (
				40280CD72A4B500500907A00 /* Debug */,
				40280CD82A4B500500907A00 /* Release */,
			);
			defaultConfigurationIsVisible = 0;
			defaultConfigurationName = Release;
		};
		40280CD92A4B500500907A00 /* Build configuration list for PBXNativeTarget "RawgVideoGames" */ = {
			isa = XCConfigurationList;
			buildConfigurations = (
				40280CDA2A4B500500907A00 /* Debug */,
				40280CDB2A4B500500907A00 /* Release */,
			);
			defaultConfigurationIsVisible = 0;
			defaultConfigurationName = Release;
		};
/* End XCConfigurationList section */

/* Begin XCRemoteSwiftPackageReference section */
		40AA3D082A51B3D9004CB1A7 /* XCRemoteSwiftPackageReference "SQLite" */ = {
			isa = XCRemoteSwiftPackageReference;
			repositoryURL = "https://github.com/stephencelis/SQLite.swift";
			requirement = {
				kind = upToNextMajorVersion;
				minimumVersion = 0.14.1;
			};
		};
/* End XCRemoteSwiftPackageReference section */

/* Begin XCSwiftPackageProductDependency section */
		40AA3D092A51B3D9004CB1A7 /* SQLite */ = {
			isa = XCSwiftPackageProductDependency;
			package = 40AA3D082A51B3D9004CB1A7 /* XCRemoteSwiftPackageReference "SQLite" */;
			productName = SQLite;
		};
/* End XCSwiftPackageProductDependency section */
	};
	rootObject = 40280CC32A4B500400907A00 /* Project object */;
}
